
Microsoft Visual Studio Solution File, Format Version 12.00
# Visual Studio Version 17
VisualStudioVersion = 17.1.32421.90
MinimumVisualStudioVersion = 10.0.40219.1
Project("{FAE04EC0-301F-11D3-BF4B-00C04F79EFBC}") = "PruebaWepsys.API", "PruebaWepsys.API\PruebaWepsys.API.csproj", "{3D468A8F-5AD3-43A3-9D94-432AA34A035B}"
EndProject
Project("{FAE04EC0-301F-11D3-BF4B-00C04F79EFBC}") = "PruebaWepsys.Repositorio", "PruebaWepsys.Repositorio\PruebaWepsys.Repositorio.csproj", "{FEF529EF-86D0-4406-8BF9-EF7C6180B650}"
EndProject
Project("{54A90642-561A-4BB1-A94E-469ADEE60C69}") = "PruebaWepsys.FrontEnd", "PruebaWepsys.FrontEnd\PruebaWepsys.FrontEnd.esproj", "{442B5D11-2DD0-447B-9780-E914AAEF3E52}"
EndProject
Global
	GlobalSection(SolutionConfigurationPlatforms) = preSolution
		Debug|Any CPU = Debug|Any CPU
		Release|Any CPU = Release|Any CPU
	EndGlobalSection
	GlobalSection(ProjectConfigurationPlatforms) = postSolution
		{3D468A8F-5AD3-43A3-9D94-432AA34A035B}.Debug|Any CPU.ActiveCfg = Debug|Any CPU
		{3D468A8F-5AD3-43A3-9D94-432AA34A035B}.Debug|Any CPU.Build.0 = Debug|Any CPU
		{3D468A8F-5AD3-43A3-9D94-432AA34A035B}.Release|Any CPU.ActiveCfg = Release|Any CPU
		{3D468A8F-5AD3-43A3-9D94-432AA34A035B}.Release|Any CPU.Build.0 = Release|Any CPU
		{FEF529EF-86D0-4406-8BF9-EF7C6180B650}.Debug|Any CPU.ActiveCfg = Debug|Any CPU
		{FEF529EF-86D0-4406-8BF9-EF7C6180B650}.Debug|Any CPU.Build.0 = Debug|Any CPU
		{FEF529EF-86D0-4406-8BF9-EF7C6180B650}.Release|Any CPU.ActiveCfg = Release|Any CPU
		{FEF529EF-86D0-4406-8BF9-EF7C6180B650}.Release|Any CPU.Build.0 = Release|Any CPU
		{442B5D11-2DD0-447B-9780-E914AAEF3E52}.Debug|Any CPU.ActiveCfg = Debug|Any CPU
		{442B5D11-2DD0-447B-9780-E914AAEF3E52}.Debug|Any CPU.Build.0 = Debug|Any CPU
		{442B5D11-2DD0-447B-9780-E914AAEF3E52}.Debug|Any CPU.Deploy.0 = Debug|Any CPU
		{442B5D11-2DD0-447B-9780-E914AAEF3E52}.Release|Any CPU.ActiveCfg = Release|Any CPU
		{442B5D11-2DD0-447B-9780-E914AAEF3E52}.Release|Any CPU.Build.0 = Release|Any CPU
		{442B5D11-2DD0-447B-9780-E914AAEF3E52}.Release|Any CPU.Deploy.0 = Release|Any CPU
	EndGlobalSection
	GlobalSection(SolutionProperties) = preSolution
		HideSolutionNode = FALSE
	EndGlobalSection
	GlobalSection(ExtensibilityGlobals) = postSolution
		SolutionGuid = {44A47433-A96D-4032-BE26-28DEAB920C3F}
	EndGlobalSection
EndGlobal
